
Microsoft Visual Studio Solution File, Format Version 12.00
# Visual Studio 15
VisualStudioVersion = 15.0.26730.3
MinimumVisualStudioVersion = 10.0.40219.1
Project("{9A19103F-16F7-4668-BE54-9A1E7A4F7556}") = "Travels", "Travels\Travels.csproj", "{60B83E49-EC98-40F8-ADFD-89217062FF6B}"
	ProjectSection(ProjectDependencies) = postProject
		{EE93C450-6720-49FD-BEC6-F785E71875AF} = {EE93C450-6720-49FD-BEC6-F785E71875AF}
	EndProjectSection
EndProject
Project("{9A19103F-16F7-4668-BE54-9A1E7A4F7556}") = "Travels.Common", "Travels.Common\Travels.Common.csproj", "{EE93C450-6720-49FD-BEC6-F785E71875AF}"
EndProject
Project("{2150E333-8FDC-42A3-9474-1A3956D46DE8}") = "Common", "Common", "{B0D0CACB-AC89-4DE4-B69D-E98FB298204D}"
EndProject
Global
	GlobalSection(SolutionConfigurationPlatforms) = preSolution
		Debug|Any CPU = Debug|Any CPU
		Release|Any CPU = Release|Any CPU
	EndGlobalSection
	GlobalSection(ProjectConfigurationPlatforms) = postSolution
		{60B83E49-EC98-40F8-ADFD-89217062FF6B}.Debug|Any CPU.ActiveCfg = Debug|Any CPU
		{60B83E49-EC98-40F8-ADFD-89217062FF6B}.Debug|Any CPU.Build.0 = Debug|Any CPU
		{60B83E49-EC98-40F8-ADFD-89217062FF6B}.Release|Any CPU.ActiveCfg = Release|Any CPU
		{60B83E49-EC98-40F8-ADFD-89217062FF6B}.Release|Any CPU.Build.0 = Release|Any CPU
		{EE93C450-6720-49FD-BEC6-F785E71875AF}.Debug|Any CPU.ActiveCfg = Debug|Any CPU
		{EE93C450-6720-49FD-BEC6-F785E71875AF}.Debug|Any CPU.Build.0 = Debug|Any CPU
		{EE93C450-6720-49FD-BEC6-F785E71875AF}.Release|Any CPU.ActiveCfg = Release|Any CPU
		{EE93C450-6720-49FD-BEC6-F785E71875AF}.Release|Any CPU.Build.0 = Release|Any CPU
	EndGlobalSection
	GlobalSection(SolutionProperties) = preSolution
		HideSolutionNode = FALSE
	EndGlobalSection
	GlobalSection(NestedProjects) = preSolution
		{EE93C450-6720-49FD-BEC6-F785E71875AF} = {B0D0CACB-AC89-4DE4-B69D-E98FB298204D}
	EndGlobalSection
	GlobalSection(ExtensibilityGlobals) = postSolution
		SolutionGuid = {4967ADBF-BE5C-4800-9726-693BD0069B88}
	EndGlobalSection
EndGlobal
